// !$*UTF8*$!
{
	archiveVersion = 1;
	classes = {
	};
	objectVersion = 50;
	objects = {

/* Begin PBXBuildFile section */
		8368812D2636895E00264F79 /* AppDelegate.swift in Sources */ = {isa = PBXBuildFile; fileRef = 8368812C2636895E00264F79 /* AppDelegate.swift */; };
		8368812F2636895E00264F79 /* SceneDelegate.swift in Sources */ = {isa = PBXBuildFile; fileRef = 8368812E2636895E00264F79 /* SceneDelegate.swift */; };
		836881312636895E00264F79 /* ViewController.swift in Sources */ = {isa = PBXBuildFile; fileRef = 836881302636895E00264F79 /* ViewController.swift */; };
		836881342636895E00264F79 /* Main.storyboard in Resources */ = {isa = PBXBuildFile; fileRef = 836881322636895E00264F79 /* Main.storyboard */; };
		836881362636895F00264F79 /* Assets.xcassets in Resources */ = {isa = PBXBuildFile; fileRef = 836881352636895F00264F79 /* Assets.xcassets */; };
		836881392636895F00264F79 /* LaunchScreen.storyboard in Resources */ = {isa = PBXBuildFile; fileRef = 836881372636895F00264F79 /* LaunchScreen.storyboard */; };
		836881442636895F00264F79 /* BackbaseTests.swift in Sources */ = {isa = PBXBuildFile; fileRef = 836881432636895F00264F79 /* BackbaseTests.swift */; };
		8368814F2636896000264F79 /* BackbaseUITests.swift in Sources */ = {isa = PBXBuildFile; fileRef = 8368814E2636896000264F79 /* BackbaseUITests.swift */; };
/* End PBXBuildFile section */

/* Begin PBXContainerItemProxy section */
		836881402636895F00264F79 /* PBXContainerItemProxy */ = {
			isa = PBXContainerItemProxy;
			containerPortal = 836881212636895E00264F79 /* Project object */;
			proxyType = 1;
			remoteGlobalIDString = 836881282636895E00264F79;
			remoteInfo = Backbase;
		};
		8368814B2636896000264F79 /* PBXContainerItemProxy */ = {
			isa = PBXContainerItemProxy;
			containerPortal = 836881212636895E00264F79 /* Project object */;
			proxyType = 1;
			remoteGlobalIDString = 836881282636895E00264F79;
			remoteInfo = Backbase;
		};
/* End PBXContainerItemProxy section */

/* Begin PBXFileReference section */
		836881292636895E00264F79 /* Backbase.app */ = {isa = PBXFileReference; explicitFileType = wrapper.application; includeInIndex = 0; path = Backbase.app; sourceTree = BUILT_PRODUCTS_DIR; };
		8368812C2636895E00264F79 /* AppDelegate.swift */ = {isa = PBXFileReference; lastKnownFileType = sourcecode.swift; path = AppDelegate.swift; sourceTree = "<group>"; };
		8368812E2636895E00264F79 /* SceneDelegate.swift */ = {isa = PBXFileReference; lastKnownFileType = sourcecode.swift; path = SceneDelegate.swift; sourceTree = "<group>"; };
		836881302636895E00264F79 /* ViewController.swift */ = {isa = PBXFileReference; lastKnownFileType = sourcecode.swift; path = ViewController.swift; sourceTree = "<group>"; };
		836881332636895E00264F79 /* Base */ = {isa = PBXFileReference; lastKnownFileType = file.storyboard; name = Base; path = Base.lproj/Main.storyboard; sourceTree = "<group>"; };
		836881352636895F00264F79 /* Assets.xcassets */ = {isa = PBXFileReference; lastKnownFileType = folder.assetcatalog; path = Assets.xcassets; sourceTree = "<group>"; };
		836881382636895F00264F79 /* Base */ = {isa = PBXFileReference; lastKnownFileType = file.storyboard; name = Base; path = Base.lproj/LaunchScreen.storyboard; sourceTree = "<group>"; };
		8368813A2636895F00264F79 /* Info.plist */ = {isa = PBXFileReference; lastKnownFileType = text.plist.xml; path = Info.plist; sourceTree = "<group>"; };
		8368813F2636895F00264F79 /* BackbaseTests.xctest */ = {isa = PBXFileReference; explicitFileType = wrapper.cfbundle; includeInIndex = 0; path = BackbaseTests.xctest; sourceTree = BUILT_PRODUCTS_DIR; };
		836881432636895F00264F79 /* BackbaseTests.swift */ = {isa = PBXFileReference; lastKnownFileType = sourcecode.swift; path = BackbaseTests.swift; sourceTree = "<group>"; };
		836881452636895F00264F79 /* Info.plist */ = {isa = PBXFileReference; lastKnownFileType = text.plist.xml; path = Info.plist; sourceTree = "<group>"; };
		8368814A2636896000264F79 /* BackbaseUITests.xctest */ = {isa = PBXFileReference; explicitFileType = wrapper.cfbundle; includeInIndex = 0; path = BackbaseUITests.xctest; sourceTree = BUILT_PRODUCTS_DIR; };
		8368814E2636896000264F79 /* BackbaseUITests.swift */ = {isa = PBXFileReference; lastKnownFileType = sourcecode.swift; path = BackbaseUITests.swift; sourceTree = "<group>"; };
		836881502636896000264F79 /* Info.plist */ = {isa = PBXFileReference; lastKnownFileType = text.plist.xml; path = Info.plist; sourceTree = "<group>"; };
/* End PBXFileReference section */

/* Begin PBXFrameworksBuildPhase section */
		836881262636895E00264F79 /* Frameworks */ = {
			isa = PBXFrameworksBuildPhase;
			buildActionMask = 2147483647;
			files = (
			);
			runOnlyForDeploymentPostprocessing = 0;
		};
		8368813C2636895F00264F79 /* Frameworks */ = {
			isa = PBXFrameworksBuildPhase;
			buildActionMask = 2147483647;
			files = (
			);
			runOnlyForDeploymentPostprocessing = 0;
		};
		836881472636896000264F79 /* Frameworks */ = {
			isa = PBXFrameworksBuildPhase;
			buildActionMask = 2147483647;
			files = (
			);
			runOnlyForDeploymentPostprocessing = 0;
		};
/* End PBXFrameworksBuildPhase section */

/* Begin PBXGroup section */
		836881202636895E00264F79 = {
			isa = PBXGroup;
			children = (
				8368812B2636895E00264F79 /* Backbase */,
				836881422636895F00264F79 /* BackbaseTests */,
				8368814D2636896000264F79 /* BackbaseUITests */,
				8368812A2636895E00264F79 /* Products */,
			);
			sourceTree = "<group>";
		};
		8368812A2636895E00264F79 /* Products */ = {
			isa = PBXGroup;
			children = (
				836881292636895E00264F79 /* Backbase.app */,
				8368813F2636895F00264F79 /* BackbaseTests.xctest */,
				8368814A2636896000264F79 /* BackbaseUITests.xctest */,
			);
			name = Products;
			sourceTree = "<group>";
		};
		8368812B2636895E00264F79 /* Backbase */ = {
			isa = PBXGroup;
			children = (
				8368812C2636895E00264F79 /* AppDelegate.swift */,
				8368812E2636895E00264F79 /* SceneDelegate.swift */,
				836881302636895E00264F79 /* ViewController.swift */,
				836881322636895E00264F79 /* Main.storyboard */,
				836881352636895F00264F79 /* Assets.xcassets */,
				836881372636895F00264F79 /* LaunchScreen.storyboard */,
				8368813A2636895F00264F79 /* Info.plist */,
			);
			path = Backbase;
			sourceTree = "<group>";
		};
		836881422636895F00264F79 /* BackbaseTests */ = {
			isa = PBXGroup;
			children = (
				836881432636895F00264F79 /* BackbaseTests.swift */,
				836881452636895F00264F79 /* Info.plist */,
			);
			path = BackbaseTests;
			sourceTree = "<group>";
		};
		8368814D2636896000264F79 /* BackbaseUITests */ = {
			isa = PBXGroup;
			children = (
				8368814E2636896000264F79 /* BackbaseUITests.swift */,
				836881502636896000264F79 /* Info.plist */,
			);
			path = BackbaseUITests;
			sourceTree = "<group>";
		};
/* End PBXGroup section */

/* Begin PBXNativeTarget section */
		836881282636895E00264F79 /* Backbase */ = {
			isa = PBXNativeTarget;
			buildConfigurationList = 836881532636896000264F79 /* Build configuration list for PBXNativeTarget "Backbase" */;
			buildPhases = (
				836881252636895E00264F79 /* Sources */,
				836881262636895E00264F79 /* Frameworks */,
				836881272636895E00264F79 /* Resources */,
			);
			buildRules = (
			);
			dependencies = (
			);
			name = Backbase;
			productName = Backbase;
			productReference = 836881292636895E00264F79 /* Backbase.app */;
			productType = "com.apple.product-type.application";
		};
		8368813E2636895F00264F79 /* BackbaseTests */ = {
			isa = PBXNativeTarget;
			buildConfigurationList = 836881562636896000264F79 /* Build configuration list for PBXNativeTarget "BackbaseTests" */;
			buildPhases = (
				8368813B2636895F00264F79 /* Sources */,
				8368813C2636895F00264F79 /* Frameworks */,
				8368813D2636895F00264F79 /* Resources */,
			);
			buildRules = (
			);
			dependencies = (
				836881412636895F00264F79 /* PBXTargetDependency */,
			);
			name = BackbaseTests;
			productName = BackbaseTests;
			productReference = 8368813F2636895F00264F79 /* BackbaseTests.xctest */;
			productType = "com.apple.product-type.bundle.unit-test";
		};
		836881492636896000264F79 /* BackbaseUITests */ = {
			isa = PBXNativeTarget;
			buildConfigurationList = 836881592636896000264F79 /* Build configuration list for PBXNativeTarget "BackbaseUITests" */;
			buildPhases = (
				836881462636896000264F79 /* Sources */,
				836881472636896000264F79 /* Frameworks */,
				836881482636896000264F79 /* Resources */,
			);
			buildRules = (
			);
			dependencies = (
				8368814C2636896000264F79 /* PBXTargetDependency */,
			);
			name = BackbaseUITests;
			productName = BackbaseUITests;
			productReference = 8368814A2636896000264F79 /* BackbaseUITests.xctest */;
			productType = "com.apple.product-type.bundle.ui-testing";
		};
/* End PBXNativeTarget section */

/* Begin PBXProject section */
		836881212636895E00264F79 /* Project object */ = {
			isa = PBXProject;
			attributes = {
				LastSwiftUpdateCheck = 1240;
				LastUpgradeCheck = 1240;
				TargetAttributes = {
					836881282636895E00264F79 = {
						CreatedOnToolsVersion = 12.4;
					};
					8368813E2636895F00264F79 = {
						CreatedOnToolsVersion = 12.4;
						TestTargetID = 836881282636895E00264F79;
					};
					836881492636896000264F79 = {
						CreatedOnToolsVersion = 12.4;
						TestTargetID = 836881282636895E00264F79;
					};
				};
			};
			buildConfigurationList = 836881242636895E00264F79 /* Build configuration list for PBXProject "Backbase" */;
			compatibilityVersion = "Xcode 9.3";
			developmentRegion = en;
			hasScannedForEncodings = 0;
			knownRegions = (
				en,
				Base,
			);
			mainGroup = 836881202636895E00264F79;
			productRefGroup = 8368812A2636895E00264F79 /* Products */;
			projectDirPath = "";
			projectRoot = "";
			targets = (
				836881282636895E00264F79 /* Backbase */,
				8368813E2636895F00264F79 /* BackbaseTests */,
				836881492636896000264F79 /* BackbaseUITests */,
			);
		};
/* End PBXProject section */

/* Begin PBXResourcesBuildPhase section */
		836881272636895E00264F79 /* Resources */ = {
			isa = PBXResourcesBuildPhase;
			buildActionMask = 2147483647;
			files = (
				836881392636895F00264F79 /* LaunchScreen.storyboard in Resources */,
				836881362636895F00264F79 /* Assets.xcassets in Resources */,
				836881342636895E00264F79 /* Main.storyboard in Resources */,
			);
			runOnlyForDeploymentPostprocessing = 0;
		};
		8368813D2636895F00264F79 /* Resources */ = {
			isa = PBXResourcesBuildPhase;
			buildActionMask = 2147483647;
			files = (
			);
			runOnlyForDeploymentPostprocessing = 0;
		};
		836881482636896000264F79 /* Resources */ = {
			isa = PBXResourcesBuildPhase;
			buildActionMask = 2147483647;
			files = (
			);
			runOnlyForDeploymentPostprocessing = 0;
		};
/* End PBXResourcesBuildPhase section */

/* Begin PBXSourcesBuildPhase section */
		836881252636895E00264F79 /* Sources */ = {
			isa = PBXSourcesBuildPhase;
			buildActionMask = 2147483647;
			files = (
				836881312636895E00264F79 /* ViewController.swift in Sources */,
				8368812D2636895E00264F79 /* AppDelegate.swift in Sources */,
				8368812F2636895E00264F79 /* SceneDelegate.swift in Sources */,
			);
			runOnlyForDeploymentPostprocessing = 0;
		};
		8368813B2636895F00264F79 /* Sources */ = {
			isa = PBXSourcesBuildPhase;
			buildActionMask = 2147483647;
			files = (
				836881442636895F00264F79 /* BackbaseTests.swift in Sources */,
			);
			runOnlyForDeploymentPostprocessing = 0;
		};
		836881462636896000264F79 /* Sources */ = {
			isa = PBXSourcesBuildPhase;
			buildActionMask = 2147483647;
			files = (
				8368814F2636896000264F79 /* BackbaseUITests.swift in Sources */,
			);
			runOnlyForDeploymentPostprocessing = 0;
		};
/* End PBXSourcesBuildPhase section */

/* Begin PBXTargetDependency section */
		836881412636895F00264F79 /* PBXTargetDependency */ = {
			isa = PBXTargetDependency;
			target = 836881282636895E00264F79 /* Backbase */;
			targetProxy = 836881402636895F00264F79 /* PBXContainerItemProxy */;
		};
		8368814C2636896000264F79 /* PBXTargetDependency */ = {
			isa = PBXTargetDependency;
			target = 836881282636895E00264F79 /* Backbase */;
			targetProxy = 8368814B2636896000264F79 /* PBXContainerItemProxy */;
		};
/* End PBXTargetDependency section */

/* Begin PBXVariantGroup section */
		836881322636895E00264F79 /* Main.storyboard */ = {
			isa = PBXVariantGroup;
			children = (
				836881332636895E00264F79 /* Base */,
			);
			name = Main.storyboard;
			sourceTree = "<group>";
		};
		836881372636895F00264F79 /* LaunchScreen.storyboard */ = {
			isa = PBXVariantGroup;
			children = (
				836881382636895F00264F79 /* Base */,
			);
			name = LaunchScreen.storyboard;
			sourceTree = "<group>";
		};
/* End PBXVariantGroup section */

/* Begin XCBuildConfiguration section */
		836881512636896000264F79 /* Debug */ = {
			isa = XCBuildConfiguration;
			buildSettings = {
				ALWAYS_SEARCH_USER_PATHS = NO;
				CLANG_ANALYZER_NONNULL = YES;
				CLANG_ANALYZER_NUMBER_OBJECT_CONVERSION = YES_AGGRESSIVE;
				CLANG_CXX_LANGUAGE_STANDARD = "gnu++14";
				CLANG_CXX_LIBRARY = "libc++";
				CLANG_ENABLE_MODULES = YES;
				CLANG_ENABLE_OBJC_ARC = YES;
				CLANG_ENABLE_OBJC_WEAK = YES;
				CLANG_WARN_BLOCK_CAPTURE_AUTORELEASING = YES;
				CLANG_WARN_BOOL_CONVERSION = YES;
				CLANG_WARN_COMMA = YES;
				CLANG_WARN_CONSTANT_CONVERSION = YES;
				CLANG_WARN_DEPRECATED_OBJC_IMPLEMENTATIONS = YES;
				CLANG_WARN_DIRECT_OBJC_ISA_USAGE = YES_ERROR;
				CLANG_WARN_DOCUMENTATION_COMMENTS = YES;
				CLANG_WARN_EMPTY_BODY = YES;
				CLANG_WARN_ENUM_CONVERSION = YES;
				CLANG_WARN_INFINITE_RECURSION = YES;
				CLANG_WARN_INT_CONVERSION = YES;
				CLANG_WARN_NON_LITERAL_NULL_CONVERSION = YES;
				CLANG_WARN_OBJC_IMPLICIT_RETAIN_SELF = YES;
				CLANG_WARN_OBJC_LITERAL_CONVERSION = YES;
				CLANG_WARN_OBJC_ROOT_CLASS = YES_ERROR;
				CLANG_WARN_QUOTED_INCLUDE_IN_FRAMEWORK_HEADER = YES;
				CLANG_WARN_RANGE_LOOP_ANALYSIS = YES;
				CLANG_WARN_STRICT_PROTOTYPES = YES;
				CLANG_WARN_SUSPICIOUS_MOVE = YES;
				CLANG_WARN_UNGUARDED_AVAILABILITY = YES_AGGRESSIVE;
				CLANG_WARN_UNREACHABLE_CODE = YES;
				CLANG_WARN__DUPLICATE_METHOD_MATCH = YES;
				COPY_PHASE_STRIP = NO;
				DEBUG_INFORMATION_FORMAT = dwarf;
				ENABLE_STRICT_OBJC_MSGSEND = YES;
				ENABLE_TESTABILITY = YES;
				GCC_C_LANGUAGE_STANDARD = gnu11;
				GCC_DYNAMIC_NO_PIC = NO;
				GCC_NO_COMMON_BLOCKS = YES;
				GCC_OPTIMIZATION_LEVEL = 0;
				GCC_PREPROCESSOR_DEFINITIONS = (
					"DEBUG=1",
					"$(inherited)",
				);
				GCC_WARN_64_TO_32_BIT_CONVERSION = YES;
				GCC_WARN_ABOUT_RETURN_TYPE = YES_ERROR;
				GCC_WARN_UNDECLARED_SELECTOR = YES;
				GCC_WARN_UNINITIALIZED_AUTOS = YES_AGGRESSIVE;
				GCC_WARN_UNUSED_FUNCTION = YES;
				GCC_WARN_UNUSED_VARIABLE = YES;
				IPHONEOS_DEPLOYMENT_TARGET = 14.4;
				MTL_ENABLE_DEBUG_INFO = INCLUDE_SOURCE;
				MTL_FAST_MATH = YES;
				ONLY_ACTIVE_ARCH = YES;
				SDKROOT = iphoneos;
				SWIFT_ACTIVE_COMPILATION_CONDITIONS = DEBUG;
				SWIFT_OPTIMIZATION_LEVEL = "-Onone";
			};
			name = Debug;
		};
		836881522636896000264F79 /* Release */ = {
			isa = XCBuildConfiguration;
			buildSettings = {
				ALWAYS_SEARCH_USER_PATHS = NO;
				CLANG_ANALYZER_NONNULL = YES;
				CLANG_ANALYZER_NUMBER_OBJECT_CONVERSION = YES_AGGRESSIVE;
				CLANG_CXX_LANGUAGE_STANDARD = "gnu++14";
				CLANG_CXX_LIBRARY = "libc++";
				CLANG_ENABLE_MODULES = YES;
				CLANG_ENABLE_OBJC_ARC = YES;
				CLANG_ENABLE_OBJC_WEAK = YES;
				CLANG_WARN_BLOCK_CAPTURE_AUTORELEASING = YES;
				CLANG_WARN_BOOL_CONVERSION = YES;
				CLANG_WARN_COMMA = YES;
				CLANG_WARN_CONSTANT_CONVERSION = YES;
				CLANG_WARN_DEPRECATED_OBJC_IMPLEMENTATIONS = YES;
				CLANG_WARN_DIRECT_OBJC_ISA_USAGE = YES_ERROR;
				CLANG_WARN_DOCUMENTATION_COMMENTS = YES;
				CLANG_WARN_EMPTY_BODY = YES;
				CLANG_WARN_ENUM_CONVERSION = YES;
				CLANG_WARN_INFINITE_RECURSION = YES;
				CLANG_WARN_INT_CONVERSION = YES;
				CLANG_WARN_NON_LITERAL_NULL_CONVERSION = YES;
				CLANG_WARN_OBJC_IMPLICIT_RETAIN_SELF = YES;
				CLANG_WARN_OBJC_LITERAL_CONVERSION = YES;
				CLANG_WARN_OBJC_ROOT_CLASS = YES_ERROR;
				CLANG_WARN_QUOTED_INCLUDE_IN_FRAMEWORK_HEADER = YES;
				CLANG_WARN_RANGE_LOOP_ANALYSIS = YES;
				CLANG_WARN_STRICT_PROTOTYPES = YES;
				CLANG_WARN_SUSPICIOUS_MOVE = YES;
				CLANG_WARN_UNGUARDED_AVAILABILITY = YES_AGGRESSIVE;
				CLANG_WARN_UNREACHABLE_CODE = YES;
				CLANG_WARN__DUPLICATE_METHOD_MATCH = YES;
				COPY_PHASE_STRIP = NO;
				DEBUG_INFORMATION_FORMAT = "dwarf-with-dsym";
				ENABLE_NS_ASSERTIONS = NO;
				ENABLE_STRICT_OBJC_MSGSEND = YES;
				GCC_C_LANGUAGE_STANDARD = gnu11;
				GCC_NO_COMMON_BLOCKS = YES;
				GCC_WARN_64_TO_32_BIT_CONVERSION = YES;
				GCC_WARN_ABOUT_RETURN_TYPE = YES_ERROR;
				GCC_WARN_UNDECLARED_SELECTOR = YES;
				GCC_WARN_UNINITIALIZED_AUTOS = YES_AGGRESSIVE;
				GCC_WARN_UNUSED_FUNCTION = YES;
				GCC_WARN_UNUSED_VARIABLE = YES;
				IPHONEOS_DEPLOYMENT_TARGET = 14.4;
				MTL_ENABLE_DEBUG_INFO = NO;
				MTL_FAST_MATH = YES;
				SDKROOT = iphoneos;
				SWIFT_COMPILATION_MODE = wholemodule;
				SWIFT_OPTIMIZATION_LEVEL = "-O";
				VALIDATE_PRODUCT = YES;
			};
			name = Release;
		};
		836881542636896000264F79 /* Debug */ = {
			isa = XCBuildConfiguration;
			buildSettings = {
				ASSETCATALOG_COMPILER_APPICON_NAME = AppIcon;
				ASSETCATALOG_COMPILER_GLOBAL_ACCENT_COLOR_NAME = AccentColor;
				CODE_SIGN_STYLE = Automatic;
				DEVELOPMENT_TEAM = M5RJ49734H;
				INFOPLIST_FILE = Backbase/Info.plist;
				LD_RUNPATH_SEARCH_PATHS = (
					"$(inherited)",
					"@executable_path/Frameworks",
				);
				PRODUCT_BUNDLE_IDENTIFIER = com.Backbase.Backbase;
				PRODUCT_NAME = "$(TARGET_NAME)";
				SWIFT_VERSION = 5.0;
				TARGETED_DEVICE_FAMILY = "1,2";
			};
			name = Debug;
		};
		836881552636896000264F79 /* Release */ = {
			isa = XCBuildConfiguration;
			buildSettings = {
				ASSETCATALOG_COMPILER_APPICON_NAME = AppIcon;
				ASSETCATALOG_COMPILER_GLOBAL_ACCENT_COLOR_NAME = AccentColor;
				CODE_SIGN_STYLE = Automatic;
				DEVELOPMENT_TEAM = M5RJ49734H;
				INFOPLIST_FILE = Backbase/Info.plist;
				LD_RUNPATH_SEARCH_PATHS = (
					"$(inherited)",
					"@executable_path/Frameworks",
				);
				PRODUCT_BUNDLE_IDENTIFIER = com.Backbase.Backbase;
				PRODUCT_NAME = "$(TARGET_NAME)";
				SWIFT_VERSION = 5.0;
				TARGETED_DEVICE_FAMILY = "1,2";
			};
			name = Release;
		};
		836881572636896000264F79 /* Debug */ = {
			isa = XCBuildConfiguration;
			buildSettings = {
				ALWAYS_EMBED_SWIFT_STANDARD_LIBRARIES = YES;
				BUNDLE_LOADER = "$(TEST_HOST)";
				CODE_SIGN_STYLE = Automatic;
				DEVELOPMENT_TEAM = M5RJ49734H;
				INFOPLIST_FILE = BackbaseTests/Info.plist;
				IPHONEOS_DEPLOYMENT_TARGET = 14.4;
				LD_RUNPATH_SEARCH_PATHS = (
					"$(inherited)",
					"@executable_path/Frameworks",
					"@loader_path/Frameworks",
				);
				PRODUCT_BUNDLE_IDENTIFIER = com.Backbase.BackbaseTests;
				PRODUCT_NAME = "$(TARGET_NAME)";
				SWIFT_VERSION = 5.0;
				TARGETED_DEVICE_FAMILY = "1,2";
				TEST_HOST = "$(BUILT_PRODUCTS_DIR)/Backbase.app/Backbase";
			};
			name = Debug;
		};
		836881582636896000264F79 /* Release */ = {
			isa = XCBuildConfiguration;
			buildSettings = {
				ALWAYS_EMBED_SWIFT_STANDARD_LIBRARIES = YES;
				BUNDLE_LOADER = "$(TEST_HOST)";
				CODE_SIGN_STYLE = Automatic;
				DEVELOPMENT_TEAM = M5RJ49734H;
				INFOPLIST_FILE = BackbaseTests/Info.plist;
				IPHONEOS_DEPLOYMENT_TARGET = 14.4;
				LD_RUNPATH_SEARCH_PATHS = (
					"$(inherited)",
					"@executable_path/Frameworks",
					"@loader_path/Frameworks",
				);
				PRODUCT_BUNDLE_IDENTIFIER = com.Backbase.BackbaseTests;
				PRODUCT_NAME = "$(TARGET_NAME)";
				SWIFT_VERSION = 5.0;
				TARGETED_DEVICE_FAMILY = "1,2";
				TEST_HOST = "$(BUILT_PRODUCTS_DIR)/Backbase.app/Backbase";
			};
			name = Release;
		};
		8368815A2636896000264F79 /* Debug */ = {
			isa = XCBuildConfiguration;
			buildSettings = {
				ALWAYS_EMBED_SWIFT_STANDARD_LIBRARIES = YES;
				CODE_SIGN_STYLE = Automatic;
				DEVELOPMENT_TEAM = M5RJ49734H;
				INFOPLIST_FILE = BackbaseUITests/Info.plist;
				LD_RUNPATH_SEARCH_PATHS = (
					"$(inherited)",
					"@executable_path/Frameworks",
					"@loader_path/Frameworks",
				);
				PRODUCT_BUNDLE_IDENTIFIER = com.Backbase.BackbaseUITests;
				PRODUCT_NAME = "$(TARGET_NAME)";
				SWIFT_VERSION = 5.0;
				TARGETED_DEVICE_FAMILY = "1,2";
				TEST_TARGET_NAME = Backbase;
			};
			name = Debug;
		};
		8368815B2636896000264F79 /* Release */ = {
			isa = XCBuildConfiguration;
			buildSettings = {
				ALWAYS_EMBED_SWIFT_STANDARD_LIBRARIES = YES;
				CODE_SIGN_STYLE = Automatic;
				DEVELOPMENT_TEAM = M5RJ49734H;
				INFOPLIST_FILE = BackbaseUITests/Info.plist;
				LD_RUNPATH_SEARCH_PATHS = (
					"$(inherited)",
					"@executable_path/Frameworks",
					"@loader_path/Frameworks",
				);
				PRODUCT_BUNDLE_IDENTIFIER = com.Backbase.BackbaseUITests;
				PRODUCT_NAME = "$(TARGET_NAME)";
				SWIFT_VERSION = 5.0;
				TARGETED_DEVICE_FAMILY = "1,2";
				TEST_TARGET_NAME = Backbase;
			};
			name = Release;
		};
/* End XCBuildConfiguration section */

/* Begin XCConfigurationList section */
		836881242636895E00264F79 /* Build configuration list for PBXProject "Backbase" */ = {
			isa = XCConfigurationList;
			buildConfigurations = (
				836881512636896000264F79 /* Debug */,
				836881522636896000264F79 /* Release */,
			);
			defaultConfigurationIsVisible = 0;
			defaultConfigurationName = Release;
		};
		836881532636896000264F79 /* Build configuration list for PBXNativeTarget "Backbase" */ = {
			isa = XCConfigurationList;
			buildConfigurations = (
				836881542636896000264F79 /* Debug */,
				836881552636896000264F79 /* Release */,
			);
			defaultConfigurationIsVisible = 0;
			defaultConfigurationName = Release;
		};
		836881562636896000264F79 /* Build configuration list for PBXNativeTarget "BackbaseTests" */ = {
			isa = XCConfigurationList;
			buildConfigurations = (
				836881572636896000264F79 /* Debug */,
				836881582636896000264F79 /* Release */,
			);
			defaultConfigurationIsVisible = 0;
			defaultConfigurationName = Release;
		};
		836881592636896000264F79 /* Build configuration list for PBXNativeTarget "BackbaseUITests" */ = {
			isa = XCConfigurationList;
			buildConfigurations = (
				8368815A2636896000264F79 /* Debug */,
				8368815B2636896000264F79 /* Release */,
			);
			defaultConfigurationIsVisible = 0;
			defaultConfigurationName = Release;
		};
/* End XCConfigurationList section */
	};
	rootObject = 836881212636895E00264F79 /* Project object */;
}
